{
  "name": "efc7d885235dde22",
  "lockfileVersion": 3,
  "requires": true,
  "packages": {
    "": {
      "dependencies": {
        "fix-react2shell-next": "^1.1.4"
      }
    },
    "node_modules/fix-react2shell-next": {
      "version": "1.1.4",
      "resolved": "https://registry.npmjs.org/fix-react2shell-next/-/fix-react2shell-next-1.1.4.tgz",
      "integrity": "sha512-An2lCE2FuS48BKCi8EfJZU98IHZr6Whlhnuch90SYw+PsCYTj34dl1XGrbcp4PWf5jL0551uHZzBEKj98LGWXQ==",
      "license": "MIT",
      "bin": {
        "fix-react2shell-next": "bin/cli.js"
      },
      "engines": {
        "node": ">=16"
      }
    }
  }
}
